
Microsoft Visual Studio Solution File, Format Version 12.00
# Visual Studio Version 17
VisualStudioVersion = 17.7.34031.279
MinimumVisualStudioVersion = 10.0.40219.1
Project("{FAE04EC0-301F-11D3-BF4B-00C04F79EFBC}") = "AppEmprendedor", "AppEmprendedor\AppEmprendedor.csproj", "{CFB7D047-B4B1-4788-9F85-7607C3F2B378}"
EndProject
Global
	GlobalSection(SolutionConfigurationPlatforms) = preSolution
		Debug|Any CPU = Debug|Any CPU
		Release|Any CPU = Release|Any CPU
	EndGlobalSection
	GlobalSection(ProjectConfigurationPlatforms) = postSolution
		{CFB7D047-B4B1-4788-9F85-7607C3F2B378}.Debug|Any CPU.ActiveCfg = Debug|Any CPU
		{CFB7D047-B4B1-4788-9F85-7607C3F2B378}.Debug|Any CPU.Build.0 = Debug|Any CPU
		{CFB7D047-B4B1-4788-9F85-7607C3F2B378}.Debug|Any CPU.Deploy.0 = Debug|Any CPU
		{CFB7D047-B4B1-4788-9F85-7607C3F2B378}.Release|Any CPU.ActiveCfg = Release|Any CPU
		{CFB7D047-B4B1-4788-9F85-7607C3F2B378}.Release|Any CPU.Build.0 = Release|Any CPU
		{CFB7D047-B4B1-4788-9F85-7607C3F2B378}.Release|Any CPU.Deploy.0 = Release|Any CPU
	EndGlobalSection
	GlobalSection(SolutionProperties) = preSolution
		HideSolutionNode = FALSE
	EndGlobalSection
	GlobalSection(ExtensibilityGlobals) = postSolution
		SolutionGuid = {99DAB167-F6BA-4EE5-9338-EF121DA70878}
	EndGlobalSection
EndGlobal
